
Microsoft Visual Studio Solution File, Format Version 12.00
# Visual Studio 15
VisualStudioVersion = 15.0.28010.2050
MinimumVisualStudioVersion = 10.0.40219.1
Project("{9A19103F-16F7-4668-BE54-9A1E7A4F7556}") = "LazyCsvFile.Benchmarks", "benchmarks\LazyCsvFile.Benchmarks.csproj", "{A49070BA-E119-4F2F-B349-0F48BFB11A67}"
EndProject
Project("{FAE04EC0-301F-11D3-BF4B-00C04F79EFBC}") = "LazyCsvFile", "src\LazyCsvFile.csproj", "{3AF3B980-B300-4F61-9CDB-A90CA1B871A5}"
EndProject
Project("{FAE04EC0-301F-11D3-BF4B-00C04F79EFBC}") = "LazyCsvFile.Tests", "tests\LazyCsvFile.Tests.csproj", "{46836D74-FCB9-40D7-A607-8322A3B1AD6A}"
EndProject
Global
	GlobalSection(SolutionConfigurationPlatforms) = preSolution
		Debug|Any CPU = Debug|Any CPU
		Release|Any CPU = Release|Any CPU
	EndGlobalSection
	GlobalSection(ProjectConfigurationPlatforms) = postSolution
		{A49070BA-E119-4F2F-B349-0F48BFB11A67}.Debug|Any CPU.ActiveCfg = Debug|Any CPU
		{A49070BA-E119-4F2F-B349-0F48BFB11A67}.Debug|Any CPU.Build.0 = Debug|Any CPU
		{A49070BA-E119-4F2F-B349-0F48BFB11A67}.Release|Any CPU.ActiveCfg = Release|Any CPU
		{A49070BA-E119-4F2F-B349-0F48BFB11A67}.Release|Any CPU.Build.0 = Release|Any CPU
		{3AF3B980-B300-4F61-9CDB-A90CA1B871A5}.Debug|Any CPU.ActiveCfg = Debug|Any CPU
		{3AF3B980-B300-4F61-9CDB-A90CA1B871A5}.Debug|Any CPU.Build.0 = Debug|Any CPU
		{3AF3B980-B300-4F61-9CDB-A90CA1B871A5}.Release|Any CPU.ActiveCfg = Release|Any CPU
		{3AF3B980-B300-4F61-9CDB-A90CA1B871A5}.Release|Any CPU.Build.0 = Release|Any CPU
		{46836D74-FCB9-40D7-A607-8322A3B1AD6A}.Debug|Any CPU.ActiveCfg = Debug|Any CPU
		{46836D74-FCB9-40D7-A607-8322A3B1AD6A}.Debug|Any CPU.Build.0 = Debug|Any CPU
		{46836D74-FCB9-40D7-A607-8322A3B1AD6A}.Release|Any CPU.ActiveCfg = Release|Any CPU
		{46836D74-FCB9-40D7-A607-8322A3B1AD6A}.Release|Any CPU.Build.0 = Release|Any CPU
	EndGlobalSection
	GlobalSection(SolutionProperties) = preSolution
		HideSolutionNode = FALSE
	EndGlobalSection
	GlobalSection(ExtensibilityGlobals) = postSolution
		SolutionGuid = {56253669-7B88-4C4B-8B3A-9AB1A407BEAC}
	EndGlobalSection
EndGlobal
